// !$*UTF8*$!
{
	archiveVersion = 1;
	classes = {
	};
	objectVersion = 48;
	objects = {

/* Begin PBXBuildFile section */
		2734000C1F57775B005E481B /* AppDelegate.swift in Sources */ = {isa = PBXBuildFile; fileRef = 2734000B1F57775B005E481B /* AppDelegate.swift */; };
		2734000E1F57775B005E481B /* art.scnassets in Resources */ = {isa = PBXBuildFile; fileRef = 2734000D1F57775B005E481B /* art.scnassets */; };
		273400101F57775B005E481B /* ViewController.swift in Sources */ = {isa = PBXBuildFile; fileRef = 2734000F1F57775B005E481B /* ViewController.swift */; };
		273400131F57775B005E481B /* Main.storyboard in Resources */ = {isa = PBXBuildFile; fileRef = 273400111F57775B005E481B /* Main.storyboard */; };
		273400151F57775B005E481B /* Assets.xcassets in Resources */ = {isa = PBXBuildFile; fileRef = 273400141F57775B005E481B /* Assets.xcassets */; };
		273400181F57775B005E481B /* LaunchScreen.storyboard in Resources */ = {isa = PBXBuildFile; fileRef = 273400161F57775B005E481B /* LaunchScreen.storyboard */; };
		27B577B91F631A1100E2CCC3 /* Compass.swift in Sources */ = {isa = PBXBuildFile; fileRef = 27B577B81F631A1100E2CCC3 /* Compass.swift */; };
		27B577C31F635D0900E2CCC3 /* bgm.WAV in Resources */ = {isa = PBXBuildFile; fileRef = 27B577C21F635CD400E2CCC3 /* bgm.WAV */; };
		27B577C71F636ED600E2CCC3 /* monsterClose.wav in Resources */ = {isa = PBXBuildFile; fileRef = 27B577C61F636D3600E2CCC3 /* monsterClose.wav */; };
		27B577C91F6487F200E2CCC3 /* pickup.wav in Resources */ = {isa = PBXBuildFile; fileRef = 27B577C81F6486FA00E2CCC3 /* pickup.wav */; };
		27F176D21F5783C600284659 /* Inits.swift in Sources */ = {isa = PBXBuildFile; fileRef = 27F176D11F5783C600284659 /* Inits.swift */; };
		27F176DA1F5A13C400284659 /* Animations.swift in Sources */ = {isa = PBXBuildFile; fileRef = 27F176D91F5A13C400284659 /* Animations.swift */; };
		65058F4D1F59F33200A8C1C2 /* GoogleService-Info.plist in Resources */ = {isa = PBXBuildFile; fileRef = 65058F4C1F59F32E00A8C1C2 /* GoogleService-Info.plist */; };
		65058F4F1F59F57600A8C1C2 /* WelcomeViewController.swift in Sources */ = {isa = PBXBuildFile; fileRef = 65058F4E1F59F57600A8C1C2 /* WelcomeViewController.swift */; };
		65058F511F59F60D00A8C1C2 /* LoginSignUpViewController.swift in Sources */ = {isa = PBXBuildFile; fileRef = 65058F501F59F60D00A8C1C2 /* LoginSignUpViewController.swift */; };
		651920F41F6700DA0077428F /* DeathViewController.swift in Resources */ = {isa = PBXBuildFile; fileRef = 651920F31F6700DA0077428F /* DeathViewController.swift */; };
		BDF35BF98C47E7F034E49AC5 /* libPods-LiveDontDie.a in Frameworks */ = {isa = PBXBuildFile; fileRef = ECC5368A16FBAD2CEF4B44BA /* libPods-LiveDontDie.a */; };
/* End PBXBuildFile section */

/* Begin PBXFileReference section */
		0058C978C13BD090A0DA2DDB /* Pods-LiveDontDie.release.xcconfig */ = {isa = PBXFileReference; includeInIndex = 1; lastKnownFileType = text.xcconfig; name = "Pods-LiveDontDie.release.xcconfig"; path = "Pods/Target Support Files/Pods-LiveDontDie/Pods-LiveDontDie.release.xcconfig"; sourceTree = "<group>"; };
		273400081F57775B005E481B /* LiveDontDie.app */ = {isa = PBXFileReference; explicitFileType = wrapper.application; includeInIndex = 0; path = LiveDontDie.app; sourceTree = BUILT_PRODUCTS_DIR; };
		2734000B1F57775B005E481B /* AppDelegate.swift */ = {isa = PBXFileReference; lastKnownFileType = sourcecode.swift; path = AppDelegate.swift; sourceTree = "<group>"; };
		2734000D1F57775B005E481B /* art.scnassets */ = {isa = PBXFileReference; lastKnownFileType = wrapper.scnassets; path = art.scnassets; sourceTree = "<group>"; };
		2734000F1F57775B005E481B /* ViewController.swift */ = {isa = PBXFileReference; lastKnownFileType = sourcecode.swift; path = ViewController.swift; sourceTree = "<group>"; };
		273400121F57775B005E481B /* Base */ = {isa = PBXFileReference; lastKnownFileType = file.storyboard; name = Base; path = Base.lproj/Main.storyboard; sourceTree = "<group>"; };
		273400141F57775B005E481B /* Assets.xcassets */ = {isa = PBXFileReference; lastKnownFileType = folder.assetcatalog; path = Assets.xcassets; sourceTree = "<group>"; };
		273400171F57775B005E481B /* Base */ = {isa = PBXFileReference; lastKnownFileType = file.storyboard; name = Base; path = Base.lproj/LaunchScreen.storyboard; sourceTree = "<group>"; };
		273400191F57775B005E481B /* Info.plist */ = {isa = PBXFileReference; lastKnownFileType = text.plist.xml; path = Info.plist; sourceTree = "<group>"; };
		27B577B81F631A1100E2CCC3 /* Compass.swift */ = {isa = PBXFileReference; lastKnownFileType = sourcecode.swift; path = Compass.swift; sourceTree = "<group>"; };
		27B577C21F635CD400E2CCC3 /* bgm.WAV */ = {isa = PBXFileReference; lastKnownFileType = audio.wav; path = bgm.WAV; sourceTree = "<group>"; };
		27B577C61F636D3600E2CCC3 /* monsterClose.wav */ = {isa = PBXFileReference; lastKnownFileType = audio.wav; path = monsterClose.wav; sourceTree = "<group>"; };
		27B577C81F6486FA00E2CCC3 /* pickup.wav */ = {isa = PBXFileReference; lastKnownFileType = audio.wav; path = pickup.wav; sourceTree = "<group>"; };
		27F176D11F5783C600284659 /* Inits.swift */ = {isa = PBXFileReference; lastKnownFileType = sourcecode.swift; path = Inits.swift; sourceTree = "<group>"; };
		27F176D91F5A13C400284659 /* Animations.swift */ = {isa = PBXFileReference; lastKnownFileType = sourcecode.swift; path = Animations.swift; sourceTree = "<group>"; };
		65058F4C1F59F32E00A8C1C2 /* GoogleService-Info.plist */ = {isa = PBXFileReference; lastKnownFileType = text.plist.xml; path = "GoogleService-Info.plist"; sourceTree = "<group>"; };
		65058F4E1F59F57600A8C1C2 /* WelcomeViewController.swift */ = {isa = PBXFileReference; lastKnownFileType = sourcecode.swift; path = WelcomeViewController.swift; sourceTree = "<group>"; };
		65058F501F59F60D00A8C1C2 /* LoginSignUpViewController.swift */ = {isa = PBXFileReference; lastKnownFileType = sourcecode.swift; path = LoginSignUpViewController.swift; sourceTree = "<group>"; };
		651920F31F6700DA0077428F /* DeathViewController.swift */ = {isa = PBXFileReference; lastKnownFileType = sourcecode.swift; name = DeathViewController.swift; path = /Users/Daniel/hrla16/thesisMobile/LiveDontDie/LiveDontDie/DeathViewController.swift; sourceTree = "<absolute>"; };
		E18834C9F44598636E086F72 /* Pods-LiveDontDie.debug.xcconfig */ = {isa = PBXFileReference; includeInIndex = 1; lastKnownFileType = text.xcconfig; name = "Pods-LiveDontDie.debug.xcconfig"; path = "Pods/Target Support Files/Pods-LiveDontDie/Pods-LiveDontDie.debug.xcconfig"; sourceTree = "<group>"; };
		ECC5368A16FBAD2CEF4B44BA /* libPods-LiveDontDie.a */ = {isa = PBXFileReference; explicitFileType = archive.ar; includeInIndex = 0; path = "libPods-LiveDontDie.a"; sourceTree = BUILT_PRODUCTS_DIR; };
/* End PBXFileReference section */

/* Begin PBXFrameworksBuildPhase section */
		273400051F57775B005E481B /* Frameworks */ = {
			isa = PBXFrameworksBuildPhase;
			buildActionMask = 2147483647;
			files = (
				BDF35BF98C47E7F034E49AC5 /* libPods-LiveDontDie.a in Frameworks */,
			);
			runOnlyForDeploymentPostprocessing = 0;
		};
/* End PBXFrameworksBuildPhase section */

/* Begin PBXGroup section */
		08906791ED0EA2BB799ABED5 /* Frameworks */ = {
			isa = PBXGroup;
			children = (
				ECC5368A16FBAD2CEF4B44BA /* libPods-LiveDontDie.a */,
			);
			name = Frameworks;
			sourceTree = "<group>";
		};
		273400091F57775B005E481B /* Products */ = {
			isa = PBXGroup;
			children = (
				273400081F57775B005E481B /* LiveDontDie.app */,
			);
			name = Products;
			sourceTree = "<group>";
		};
		2734000A1F57775B005E481B /* LiveDontDie */ = {
			isa = PBXGroup;
			children = (
				27B577C21F635CD400E2CCC3 /* bgm.WAV */,
				27B577C81F6486FA00E2CCC3 /* pickup.wav */,
				27B577C61F636D3600E2CCC3 /* monsterClose.wav */,
				27F176D01F5783B400284659 /* Utils */,
				2734000B1F57775B005E481B /* AppDelegate.swift */,
				2734000F1F57775B005E481B /* ViewController.swift */,
				273400111F57775B005E481B /* Main.storyboard */,
				651920F31F6700DA0077428F /* DeathViewController.swift */,
				65058F4E1F59F57600A8C1C2 /* WelcomeViewController.swift */,
				65058F501F59F60D00A8C1C2 /* LoginSignUpViewController.swift */,
				2734000D1F57775B005E481B /* art.scnassets */,
				273400141F57775B005E481B /* Assets.xcassets */,
				273400161F57775B005E481B /* LaunchScreen.storyboard */,
				273400191F57775B005E481B /* Info.plist */,
				65058F4C1F59F32E00A8C1C2 /* GoogleService-Info.plist */,
			);
			path = LiveDontDie;
			sourceTree = "<group>";
		};
		2734FFFF1F57775B005E481B = {
			isa = PBXGroup;
			children = (
				2734000A1F57775B005E481B /* LiveDontDie */,
				273400091F57775B005E481B /* Products */,
				FB118A3AB3F68212871F4049 /* Pods */,
				08906791ED0EA2BB799ABED5 /* Frameworks */,
			);
			sourceTree = "<group>";
		};
		27F176D01F5783B400284659 /* Utils */ = {
			isa = PBXGroup;
			children = (
				27F176D11F5783C600284659 /* Inits.swift */,
				27F176D91F5A13C400284659 /* Animations.swift */,
				27B577B81F631A1100E2CCC3 /* Compass.swift */,
			);
			path = Utils;
			sourceTree = "<group>";
		};
		FB118A3AB3F68212871F4049 /* Pods */ = {
			isa = PBXGroup;
			children = (
				E18834C9F44598636E086F72 /* Pods-LiveDontDie.debug.xcconfig */,
				0058C978C13BD090A0DA2DDB /* Pods-LiveDontDie.release.xcconfig */,
			);
			name = Pods;
			sourceTree = "<group>";
		};
/* End PBXGroup section */

/* Begin PBXNativeTarget section */
		273400071F57775B005E481B /* LiveDontDie */ = {
			isa = PBXNativeTarget;
			buildConfigurationList = 2734001C1F57775B005E481B /* Build configuration list for PBXNativeTarget "LiveDontDie" */;
			buildPhases = (
				D466FF683F708EE1C7343F6C /* [CP] Check Pods Manifest.lock */,
				273400041F57775B005E481B /* Sources */,
				273400051F57775B005E481B /* Frameworks */,
				273400061F57775B005E481B /* Resources */,
				F0C92449662C4DEB9B0E8221 /* [CP] Embed Pods Frameworks */,
				9AD2C7829C8E84D7600B27EB /* [CP] Copy Pods Resources */,
			);
			buildRules = (
			);
			dependencies = (
			);
			name = LiveDontDie;
			productName = LiveDontDie;
			productReference = 273400081F57775B005E481B /* LiveDontDie.app */;
			productType = "com.apple.product-type.application";
		};
/* End PBXNativeTarget section */

/* Begin PBXProject section */
		273400001F57775B005E481B /* Project object */ = {
			isa = PBXProject;
			attributes = {
				LastSwiftUpdateCheck = 0900;
				LastUpgradeCheck = 0900;
				ORGANIZATIONNAME = "Timothy Yoon";
				TargetAttributes = {
					273400071F57775B005E481B = {
						CreatedOnToolsVersion = 9.0;
						ProvisioningStyle = Automatic;
					};
				};
			};
			buildConfigurationList = 273400031F57775B005E481B /* Build configuration list for PBXProject "LiveDontDie" */;
			compatibilityVersion = "Xcode 8.0";
			developmentRegion = en;
			hasScannedForEncodings = 0;
			knownRegions = (
				en,
				Base,
			);
			mainGroup = 2734FFFF1F57775B005E481B;
			productRefGroup = 273400091F57775B005E481B /* Products */;
			projectDirPath = "";
			projectRoot = "";
			targets = (
				273400071F57775B005E481B /* LiveDontDie */,
			);
		};
/* End PBXProject section */

/* Begin PBXResourcesBuildPhase section */
		273400061F57775B005E481B /* Resources */ = {
			isa = PBXResourcesBuildPhase;
			buildActionMask = 2147483647;
			files = (
				27B577C71F636ED600E2CCC3 /* monsterClose.wav in Resources */,
				2734000E1F57775B005E481B /* art.scnassets in Resources */,
				651920F41F6700DA0077428F /* DeathViewController.swift in Resources */,
				27B577C91F6487F200E2CCC3 /* pickup.wav in Resources */,
				273400181F57775B005E481B /* LaunchScreen.storyboard in Resources */,
				65058F4D1F59F33200A8C1C2 /* GoogleService-Info.plist in Resources */,
				27B577C31F635D0900E2CCC3 /* bgm.WAV in Resources */,
				273400151F57775B005E481B /* Assets.xcassets in Resources */,
				273400131F57775B005E481B /* Main.storyboard in Resources */,
			);
			runOnlyForDeploymentPostprocessing = 0;
		};
/* End PBXResourcesBuildPhase section */

/* Begin PBXShellScriptBuildPhase section */
		9AD2C7829C8E84D7600B27EB /* [CP] Copy Pods Resources */ = {
			isa = PBXShellScriptBuildPhase;
			buildActionMask = 2147483647;
			files = (
			);
			inputPaths = (
				"${SRCROOT}/Pods/Target Support Files/Pods-LiveDontDie/Pods-LiveDontDie-resources.sh",
				"${PODS_ROOT}/SVProgressHUD/SVProgressHUD/SVProgressHUD.bundle",
			);
			name = "[CP] Copy Pods Resources";
			outputPaths = (
				"${TARGET_BUILD_DIR}/${UNLOCALIZED_RESOURCES_FOLDER_PATH}",
			);
			runOnlyForDeploymentPostprocessing = 0;
			shellPath = /bin/sh;
			shellScript = "\"${SRCROOT}/Pods/Target Support Files/Pods-LiveDontDie/Pods-LiveDontDie-resources.sh\"\n";
			showEnvVarsInLog = 0;
		};
		D466FF683F708EE1C7343F6C /* [CP] Check Pods Manifest.lock */ = {
			isa = PBXShellScriptBuildPhase;
			buildActionMask = 2147483647;
			files = (
			);
			inputPaths = (
				"${PODS_PODFILE_DIR_PATH}/Podfile.lock",
				"${PODS_ROOT}/Manifest.lock",
			);
			name = "[CP] Check Pods Manifest.lock";
			outputPaths = (
				"$(DERIVED_FILE_DIR)/Pods-LiveDontDie-checkManifestLockResult.txt",
			);
			runOnlyForDeploymentPostprocessing = 0;
			shellPath = /bin/sh;
			shellScript = "diff \"${PODS_PODFILE_DIR_PATH}/Podfile.lock\" \"${PODS_ROOT}/Manifest.lock\" > /dev/null\nif [ $? != 0 ] ; then\n    # print error to STDERR\n    echo \"error: The sandbox is not in sync with the Podfile.lock. Run 'pod install' or update your CocoaPods installation.\" >&2\n    exit 1\nfi\n# This output is used by Xcode 'outputs' to avoid re-running this script phase.\necho \"SUCCESS\" > \"${SCRIPT_OUTPUT_FILE_0}\"\n";
			showEnvVarsInLog = 0;
		};
		F0C92449662C4DEB9B0E8221 /* [CP] Embed Pods Frameworks */ = {
			isa = PBXShellScriptBuildPhase;
			buildActionMask = 2147483647;
			files = (
			);
			inputPaths = (
				"${SRCROOT}/Pods/Target Support Files/Pods-LiveDontDie/Pods-LiveDontDie-frameworks.sh",
				"${PODS_ROOT}/Mapbox-iOS-SDK/dynamic/Mapbox.framework",
			);
			name = "[CP] Embed Pods Frameworks";
			outputPaths = (
				"${TARGET_BUILD_DIR}/${FRAMEWORKS_FOLDER_PATH}/Mapbox.framework",
			);
			runOnlyForDeploymentPostprocessing = 0;
			shellPath = /bin/sh;
			shellScript = "\"${SRCROOT}/Pods/Target Support Files/Pods-LiveDontDie/Pods-LiveDontDie-frameworks.sh\"\n";
			showEnvVarsInLog = 0;
		};
/* End PBXShellScriptBuildPhase section */

/* Begin PBXSourcesBuildPhase section */
		273400041F57775B005E481B /* Sources */ = {
			isa = PBXSourcesBuildPhase;
			buildActionMask = 2147483647;
			files = (
				273400101F57775B005E481B /* ViewController.swift in Sources */,
				65058F4F1F59F57600A8C1C2 /* WelcomeViewController.swift in Sources */,
				27F176DA1F5A13C400284659 /* Animations.swift in Sources */,
				65058F511F59F60D00A8C1C2 /* LoginSignUpViewController.swift in Sources */,
				27B577B91F631A1100E2CCC3 /* Compass.swift in Sources */,
				27F176D21F5783C600284659 /* Inits.swift in Sources */,
				2734000C1F57775B005E481B /* AppDelegate.swift in Sources */,
			);
			runOnlyForDeploymentPostprocessing = 0;
		};
/* End PBXSourcesBuildPhase section */

/* Begin PBXVariantGroup section */
		273400111F57775B005E481B /* Main.storyboard */ = {
			isa = PBXVariantGroup;
			children = (
				273400121F57775B005E481B /* Base */,
			);
			name = Main.storyboard;
			sourceTree = "<group>";
		};
		273400161F57775B005E481B /* LaunchScreen.storyboard */ = {
			isa = PBXVariantGroup;
			children = (
				273400171F57775B005E481B /* Base */,
			);
			name = LaunchScreen.storyboard;
			sourceTree = "<group>";
		};
/* End PBXVariantGroup section */

/* Begin XCBuildConfiguration section */
		2734001A1F57775B005E481B /* Debug */ = {
			isa = XCBuildConfiguration;
			buildSettings = {
				ALWAYS_SEARCH_USER_PATHS = NO;
				CLANG_ANALYZER_NONNULL = YES;
				CLANG_ANALYZER_NUMBER_OBJECT_CONVERSION = YES_AGGRESSIVE;
				CLANG_CXX_LANGUAGE_STANDARD = "gnu++14";
				CLANG_CXX_LIBRARY = "libc++";
				CLANG_ENABLE_MODULES = YES;
				CLANG_ENABLE_OBJC_ARC = YES;
				CLANG_WARN_BLOCK_CAPTURE_AUTORELEASING = YES;
				CLANG_WARN_BOOL_CONVERSION = YES;
				CLANG_WARN_COMMA = YES;
				CLANG_WARN_CONSTANT_CONVERSION = YES;
				CLANG_WARN_DIRECT_OBJC_ISA_USAGE = YES_ERROR;
				CLANG_WARN_DOCUMENTATION_COMMENTS = YES;
				CLANG_WARN_EMPTY_BODY = YES;
				CLANG_WARN_ENUM_CONVERSION = YES;
				CLANG_WARN_INFINITE_RECURSION = YES;
				CLANG_WARN_INT_CONVERSION = YES;
				CLANG_WARN_NON_LITERAL_NULL_CONVERSION = YES;
				CLANG_WARN_OBJC_LITERAL_CONVERSION = YES;
				CLANG_WARN_OBJC_ROOT_CLASS = YES_ERROR;
				CLANG_WARN_RANGE_LOOP_ANALYSIS = YES;
				CLANG_WARN_STRICT_PROTOTYPES = YES;
				CLANG_WARN_SUSPICIOUS_MOVE = YES;
				CLANG_WARN_UNGUARDED_AVAILABILITY = YES_AGGRESSIVE;
				CLANG_WARN_UNREACHABLE_CODE = YES;
				CLANG_WARN__DUPLICATE_METHOD_MATCH = YES;
				CODE_SIGN_IDENTITY = "iPhone Developer";
				COPY_PHASE_STRIP = NO;
				DEBUG_INFORMATION_FORMAT = dwarf;
				ENABLE_STRICT_OBJC_MSGSEND = YES;
				ENABLE_TESTABILITY = YES;
				GCC_C_LANGUAGE_STANDARD = gnu11;
				GCC_DYNAMIC_NO_PIC = NO;
				GCC_NO_COMMON_BLOCKS = YES;
				GCC_OPTIMIZATION_LEVEL = 0;
				GCC_PREPROCESSOR_DEFINITIONS = (
					"DEBUG=1",
					"$(inherited)",
				);
				GCC_WARN_64_TO_32_BIT_CONVERSION = YES;
				GCC_WARN_ABOUT_RETURN_TYPE = YES_ERROR;
				GCC_WARN_UNDECLARED_SELECTOR = YES;
				GCC_WARN_UNINITIALIZED_AUTOS = YES_AGGRESSIVE;
				GCC_WARN_UNUSED_FUNCTION = YES;
				GCC_WARN_UNUSED_VARIABLE = YES;
				IPHONEOS_DEPLOYMENT_TARGET = 11.0;
				MTL_ENABLE_DEBUG_INFO = YES;
				ONLY_ACTIVE_ARCH = YES;
				SDKROOT = iphoneos;
				SWIFT_ACTIVE_COMPILATION_CONDITIONS = DEBUG;
				SWIFT_OPTIMIZATION_LEVEL = "-Onone";
			};
			name = Debug;
		};
		2734001B1F57775B005E481B /* Release */ = {
			isa = XCBuildConfiguration;
			buildSettings = {
				ALWAYS_SEARCH_USER_PATHS = NO;
				CLANG_ANALYZER_NONNULL = YES;
				CLANG_ANALYZER_NUMBER_OBJECT_CONVERSION = YES_AGGRESSIVE;
				CLANG_CXX_LANGUAGE_STANDARD = "gnu++14";
				CLANG_CXX_LIBRARY = "libc++";
				CLANG_ENABLE_MODULES = YES;
				CLANG_ENABLE_OBJC_ARC = YES;
				CLANG_WARN_BLOCK_CAPTURE_AUTORELEASING = YES;
				CLANG_WARN_BOOL_CONVERSION = YES;
				CLANG_WARN_COMMA = YES;
				CLANG_WARN_CONSTANT_CONVERSION = YES;
				CLANG_WARN_DIRECT_OBJC_ISA_USAGE = YES_ERROR;
				CLANG_WARN_DOCUMENTATION_COMMENTS = YES;
				CLANG_WARN_EMPTY_BODY = YES;
				CLANG_WARN_ENUM_CONVERSION = YES;
				CLANG_WARN_INFINITE_RECURSION = YES;
				CLANG_WARN_INT_CONVERSION = YES;
				CLANG_WARN_NON_LITERAL_NULL_CONVERSION = YES;
				CLANG_WARN_OBJC_LITERAL_CONVERSION = YES;
				CLANG_WARN_OBJC_ROOT_CLASS = YES_ERROR;
				CLANG_WARN_RANGE_LOOP_ANALYSIS = YES;
				CLANG_WARN_STRICT_PROTOTYPES = YES;
				CLANG_WARN_SUSPICIOUS_MOVE = YES;
				CLANG_WARN_UNGUARDED_AVAILABILITY = YES_AGGRESSIVE;
				CLANG_WARN_UNREACHABLE_CODE = YES;
				CLANG_WARN__DUPLICATE_METHOD_MATCH = YES;
				CODE_SIGN_IDENTITY = "iPhone Developer";
				COPY_PHASE_STRIP = NO;
				DEBUG_INFORMATION_FORMAT = "dwarf-with-dsym";
				ENABLE_NS_ASSERTIONS = NO;
				ENABLE_STRICT_OBJC_MSGSEND = YES;
				GCC_C_LANGUAGE_STANDARD = gnu11;
				GCC_NO_COMMON_BLOCKS = YES;
				GCC_WARN_64_TO_32_BIT_CONVERSION = YES;
				GCC_WARN_ABOUT_RETURN_TYPE = YES_ERROR;
				GCC_WARN_UNDECLARED_SELECTOR = YES;
				GCC_WARN_UNINITIALIZED_AUTOS = YES_AGGRESSIVE;
				GCC_WARN_UNUSED_FUNCTION = YES;
				GCC_WARN_UNUSED_VARIABLE = YES;
				IPHONEOS_DEPLOYMENT_TARGET = 11.0;
				MTL_ENABLE_DEBUG_INFO = NO;
				SDKROOT = iphoneos;
				SWIFT_OPTIMIZATION_LEVEL = "-Owholemodule";
				VALIDATE_PRODUCT = YES;
			};
			name = Release;
		};
		2734001D1F57775B005E481B /* Debug */ = {
			isa = XCBuildConfiguration;
			baseConfigurationReference = E18834C9F44598636E086F72 /* Pods-LiveDontDie.debug.xcconfig */;
			buildSettings = {
				ASSETCATALOG_COMPILER_APPICON_NAME = AppIcon;
				"CODE_SIGN_IDENTITY[sdk=iphoneos*]" = "iPhone Developer";
				CODE_SIGN_STYLE = Automatic;
				DEVELOPMENT_TEAM = G48G88998S;
				INFOPLIST_FILE = LiveDontDie/Info.plist;
				LD_RUNPATH_SEARCH_PATHS = "$(inherited) @executable_path/Frameworks";
				PRODUCT_BUNDLE_IDENTIFIER = com.dham.LiveDontDie;
				PRODUCT_NAME = "$(TARGET_NAME)";
				PROVISIONING_PROFILE_SPECIFIER = "";
				SWIFT_VERSION = 4.0;
				TARGETED_DEVICE_FAMILY = "1,2";
			};
			name = Debug;
		};
		2734001E1F57775B005E481B /* Release */ = {
			isa = XCBuildConfiguration;
			baseConfigurationReference = 0058C978C13BD090A0DA2DDB /* Pods-LiveDontDie.release.xcconfig */;
			buildSettings = {
				ASSETCATALOG_COMPILER_APPICON_NAME = AppIcon;
				"CODE_SIGN_IDENTITY[sdk=iphoneos*]" = "iPhone Developer";
				CODE_SIGN_STYLE = Automatic;
				DEVELOPMENT_TEAM = G48G88998S;
				INFOPLIST_FILE = LiveDontDie/Info.plist;
				LD_RUNPATH_SEARCH_PATHS = "$(inherited) @executable_path/Frameworks";
				PRODUCT_BUNDLE_IDENTIFIER = com.dham.LiveDontDie;
				PRODUCT_NAME = "$(TARGET_NAME)";
				PROVISIONING_PROFILE_SPECIFIER = "";
				SWIFT_VERSION = 4.0;
				TARGETED_DEVICE_FAMILY = "1,2";
			};
			name = Release;
		};
/* End XCBuildConfiguration section */

/* Begin XCConfigurationList section */
		273400031F57775B005E481B /* Build configuration list for PBXProject "LiveDontDie" */ = {
			isa = XCConfigurationList;
			buildConfigurations = (
				2734001A1F57775B005E481B /* Debug */,
				2734001B1F57775B005E481B /* Release */,
			);
			defaultConfigurationIsVisible = 0;
			defaultConfigurationName = Release;
		};
		2734001C1F57775B005E481B /* Build configuration list for PBXNativeTarget "LiveDontDie" */ = {
			isa = XCConfigurationList;
			buildConfigurations = (
				2734001D1F57775B005E481B /* Debug */,
				2734001E1F57775B005E481B /* Release */,
			);
			defaultConfigurationIsVisible = 0;
			defaultConfigurationName = Release;
		};
/* End XCConfigurationList section */
	};
	rootObject = 273400001F57775B005E481B /* Project object */;
}
